// !$*UTF8*$!
{
	archiveVersion = 1;
	classes = {
	};
	objectVersion = 42;
	objects = {

/* Begin PBXBuildFile section */
		0393FC53147B6860007AFB4C /* jdksmidi.a in Frameworks */ = {isa = PBXBuildFile; fileRef = 0393FC52147B6860007AFB4C /* jdksmidi.a */; };
		0393FC5F147B68BA007AFB4C /* main.cpp in Sources */ = {isa = PBXBuildFile; fileRef = E4B69E1D0A3A1BDC003C02F2 /* main.cpp */; };
		0393FC60147B68BF007AFB4C /* testApp.cpp in Sources */ = {isa = PBXBuildFile; fileRef = E4B69E1E0A3A1BDC003C02F2 /* testApp.cpp */; };
		03CCAC36147E1B6B00A36942 /* ofxRuiThread.cpp in Sources */ = {isa = PBXBuildFile; fileRef = 03CCAC34147E1B6B00A36942 /* ofxRuiThread.cpp */; };
		3468A6BF147BF42B0070D3BD /* RtMidi.cpp in Sources */ = {isa = PBXBuildFile; fileRef = 3468A6B5147BF42B0070D3BD /* RtMidi.cpp */; };
		3468A6C0147BF42B0070D3BD /* ofxMidiIn.cpp in Sources */ = {isa = PBXBuildFile; fileRef = 3468A6BB147BF42B0070D3BD /* ofxMidiIn.cpp */; };
		3468A6C1147BF42B0070D3BD /* ofxMidiOut.cpp in Sources */ = {isa = PBXBuildFile; fileRef = 3468A6BD147BF42B0070D3BD /* ofxMidiOut.cpp */; };
		3468A6E3147BF4DF0070D3BD /* CoreMIDI.framework in Frameworks */ = {isa = PBXBuildFile; fileRef = 3468A6E2147BF4DF0070D3BD /* CoreMIDI.framework */; };
		3492E766147ACCBA00127D92 /* jdksmidi_advancedsequencer.cpp in Sources */ = {isa = PBXBuildFile; fileRef = 3492E748147ACCBA00127D92 /* jdksmidi_advancedsequencer.cpp */; };
		3492E767147ACCBA00127D92 /* jdksmidi_driver.cpp in Sources */ = {isa = PBXBuildFile; fileRef = 3492E749147ACCBA00127D92 /* jdksmidi_driver.cpp */; };
		3492E768147ACCBA00127D92 /* jdksmidi_driverdump.cpp in Sources */ = {isa = PBXBuildFile; fileRef = 3492E74A147ACCBA00127D92 /* jdksmidi_driverdump.cpp */; };
		3492E769147ACCBA00127D92 /* jdksmidi_edittrack.cpp in Sources */ = {isa = PBXBuildFile; fileRef = 3492E74B147ACCBA00127D92 /* jdksmidi_edittrack.cpp */; };
		3492E76A147ACCBA00127D92 /* jdksmidi_file.cpp in Sources */ = {isa = PBXBuildFile; fileRef = 3492E74C147ACCBA00127D92 /* jdksmidi_file.cpp */; };
		3492E76B147ACCBA00127D92 /* jdksmidi_fileread.cpp in Sources */ = {isa = PBXBuildFile; fileRef = 3492E74D147ACCBA00127D92 /* jdksmidi_fileread.cpp */; };
		3492E76C147ACCBA00127D92 /* jdksmidi_filereadmultitrack.cpp in Sources */ = {isa = PBXBuildFile; fileRef = 3492E74E147ACCBA00127D92 /* jdksmidi_filereadmultitrack.cpp */; };
		3492E76D147ACCBA00127D92 /* jdksmidi_fileshow.cpp in Sources */ = {isa = PBXBuildFile; fileRef = 3492E74F147ACCBA00127D92 /* jdksmidi_fileshow.cpp */; };
		3492E76E147ACCBA00127D92 /* jdksmidi_filewrite.cpp in Sources */ = {isa = PBXBuildFile; fileRef = 3492E750147ACCBA00127D92 /* jdksmidi_filewrite.cpp */; };
		3492E76F147ACCBA00127D92 /* jdksmidi_filewritemultitrack.cpp in Sources */ = {isa = PBXBuildFile; fileRef = 3492E751147ACCBA00127D92 /* jdksmidi_filewritemultitrack.cpp */; };
		3492E770147ACCBA00127D92 /* jdksmidi_keysig.cpp in Sources */ = {isa = PBXBuildFile; fileRef = 3492E752147ACCBA00127D92 /* jdksmidi_keysig.cpp */; };
		3492E771147ACCBA00127D92 /* jdksmidi_manager.cpp in Sources */ = {isa = PBXBuildFile; fileRef = 3492E753147ACCBA00127D92 /* jdksmidi_manager.cpp */; };
		3492E772147ACCBA00127D92 /* jdksmidi_matrix.cpp in Sources */ = {isa = PBXBuildFile; fileRef = 3492E754147ACCBA00127D92 /* jdksmidi_matrix.cpp */; };
		3492E773147ACCBA00127D92 /* jdksmidi_midi.cpp in Sources */ = {isa = PBXBuildFile; fileRef = 3492E755147ACCBA00127D92 /* jdksmidi_midi.cpp */; };
		3492E774147ACCBA00127D92 /* jdksmidi_msg.cpp in Sources */ = {isa = PBXBuildFile; fileRef = 3492E756147ACCBA00127D92 /* jdksmidi_msg.cpp */; };
		3492E775147ACCBA00127D92 /* jdksmidi_multitrack.cpp in Sources */ = {isa = PBXBuildFile; fileRef = 3492E757147ACCBA00127D92 /* jdksmidi_multitrack.cpp */; };
		3492E776147ACCBA00127D92 /* jdksmidi_parser.cpp in Sources */ = {isa = PBXBuildFile; fileRef = 3492E758147ACCBA00127D92 /* jdksmidi_parser.cpp */; };
		3492E777147ACCBA00127D92 /* jdksmidi_process.cpp in Sources */ = {isa = PBXBuildFile; fileRef = 3492E759147ACCBA00127D92 /* jdksmidi_process.cpp */; };
		3492E778147ACCBA00127D92 /* jdksmidi_queue.cpp in Sources */ = {isa = PBXBuildFile; fileRef = 3492E75A147ACCBA00127D92 /* jdksmidi_queue.cpp */; };
		3492E779147ACCBA00127D92 /* jdksmidi_sequencer.cpp in Sources */ = {isa = PBXBuildFile; fileRef = 3492E75B147ACCBA00127D92 /* jdksmidi_sequencer.cpp */; };
		3492E77A147ACCBA00127D92 /* jdksmidi_showcontrol.cpp in Sources */ = {isa = PBXBuildFile; fileRef = 3492E75C147ACCBA00127D92 /* jdksmidi_showcontrol.cpp */; };
		3492E77B147ACCBA00127D92 /* jdksmidi_showcontrolhandler.cpp in Sources */ = {isa = PBXBuildFile; fileRef = 3492E75D147ACCBA00127D92 /* jdksmidi_showcontrolhandler.cpp */; };
		3492E77C147ACCBA00127D92 /* jdksmidi_smpte.cpp in Sources */ = {isa = PBXBuildFile; fileRef = 3492E75E147ACCBA00127D92 /* jdksmidi_smpte.cpp */; };
		3492E77D147ACCBA00127D92 /* jdksmidi_sysex.cpp in Sources */ = {isa = PBXBuildFile; fileRef = 3492E75F147ACCBA00127D92 /* jdksmidi_sysex.cpp */; };
		3492E77E147ACCBA00127D92 /* jdksmidi_tempo.cpp in Sources */ = {isa = PBXBuildFile; fileRef = 3492E760147ACCBA00127D92 /* jdksmidi_tempo.cpp */; };
		3492E77F147ACCBA00127D92 /* jdksmidi_tick.cpp in Sources */ = {isa = PBXBuildFile; fileRef = 3492E761147ACCBA00127D92 /* jdksmidi_tick.cpp */; };
		3492E780147ACCBA00127D92 /* jdksmidi_track.cpp in Sources */ = {isa = PBXBuildFile; fileRef = 3492E762147ACCBA00127D92 /* jdksmidi_track.cpp */; };
		3492E781147ACCBA00127D92 /* jdksmidi_utils.cpp in Sources */ = {isa = PBXBuildFile; fileRef = 3492E763147ACCBA00127D92 /* jdksmidi_utils.cpp */; };
		3492E782147ACCBA00127D92 /* jdksmidi_driverwin32.cpp in Sources */ = {isa = PBXBuildFile; fileRef = 3492E765147ACCBA00127D92 /* jdksmidi_driverwin32.cpp */; };
		BBAB23CB13894F3D00AA2426 /* GLUT.framework in CopyFiles */ = {isa = PBXBuildFile; fileRef = BBAB23BE13894E4700AA2426 /* GLUT.framework */; };
		E4328149138ABC9F0047C5CB /* openFrameworksDebug.a in Frameworks */ = {isa = PBXBuildFile; fileRef = E4328148138ABC890047C5CB /* openFrameworksDebug.a */; };
		E45BE97B0E8CC7DD009D7055 /* AGL.framework in Frameworks */ = {isa = PBXBuildFile; fileRef = E45BE9710E8CC7DD009D7055 /* AGL.framework */; };
		E45BE97C0E8CC7DD009D7055 /* ApplicationServices.framework in Frameworks */ = {isa = PBXBuildFile; fileRef = E45BE9720E8CC7DD009D7055 /* ApplicationServices.framework */; };
		E45BE97D0E8CC7DD009D7055 /* AudioToolbox.framework in Frameworks */ = {isa = PBXBuildFile; fileRef = E45BE9730E8CC7DD009D7055 /* AudioToolbox.framework */; };
		E45BE97E0E8CC7DD009D7055 /* Carbon.framework in Frameworks */ = {isa = PBXBuildFile; fileRef = E45BE9740E8CC7DD009D7055 /* Carbon.framework */; };
		E45BE97F0E8CC7DD009D7055 /* CoreAudio.framework in Frameworks */ = {isa = PBXBuildFile; fileRef = E45BE9750E8CC7DD009D7055 /* CoreAudio.framework */; };
		E45BE9800E8CC7DD009D7055 /* CoreFoundation.framework in Frameworks */ = {isa = PBXBuildFile; fileRef = E45BE9760E8CC7DD009D7055 /* CoreFoundation.framework */; };
		E45BE9810E8CC7DD009D7055 /* CoreServices.framework in Frameworks */ = {isa = PBXBuildFile; fileRef = E45BE9770E8CC7DD009D7055 /* CoreServices.framework */; };
		E45BE9830E8CC7DD009D7055 /* OpenGL.framework in Frameworks */ = {isa = PBXBuildFile; fileRef = E45BE9790E8CC7DD009D7055 /* OpenGL.framework */; };
		E45BE9840E8CC7DD009D7055 /* QuickTime.framework in Frameworks */ = {isa = PBXBuildFile; fileRef = E45BE97A0E8CC7DD009D7055 /* QuickTime.framework */; };
		E4C2424710CC5A17004149E2 /* AppKit.framework in Frameworks */ = {isa = PBXBuildFile; fileRef = E4C2424410CC5A17004149E2 /* AppKit.framework */; };
		E4C2424810CC5A17004149E2 /* Cocoa.framework in Frameworks */ = {isa = PBXBuildFile; fileRef = E4C2424510CC5A17004149E2 /* Cocoa.framework */; };
		E4C2424910CC5A17004149E2 /* IOKit.framework in Frameworks */ = {isa = PBXBuildFile; fileRef = E4C2424610CC5A17004149E2 /* IOKit.framework */; };
		E4EB6799138ADC1D00A09F29 /* GLUT.framework in Frameworks */ = {isa = PBXBuildFile; fileRef = BBAB23BE13894E4700AA2426 /* GLUT.framework */; };
/* End PBXBuildFile section */

/* Begin PBXContainerItemProxy section */
		E4328147138ABC890047C5CB /* PBXContainerItemProxy */ = {
			isa = PBXContainerItemProxy;
			containerPortal = E4328143138ABC890047C5CB /* openFrameworksLib.xcodeproj */;
			proxyType = 2;
			remoteGlobalIDString = E4B27C1510CBEB8E00536013;
			remoteInfo = openFrameworks;
		};
		E4EEB9AB138B136A00A80321 /* PBXContainerItemProxy */ = {
			isa = PBXContainerItemProxy;
			containerPortal = E4328143138ABC890047C5CB /* openFrameworksLib.xcodeproj */;
			proxyType = 1;
			remoteGlobalIDString = E4B27C1410CBEB8E00536013;
			remoteInfo = openFrameworks;
		};
/* End PBXContainerItemProxy section */

/* Begin PBXCopyFilesBuildPhase section */
		E4C2427710CC5ABF004149E2 /* CopyFiles */ = {
			isa = PBXCopyFilesBuildPhase;
			buildActionMask = 2147483647;
			dstPath = "";
			dstSubfolderSpec = 10;
			files = (
				BBAB23CB13894F3D00AA2426 /* GLUT.framework in CopyFiles */,
			);
			runOnlyForDeploymentPostprocessing = 0;
		};
/* End PBXCopyFilesBuildPhase section */

/* Begin PBXFileReference section */
		03309E81147E41C500586F9C /* ofxThreadedMidiPlayer.h */ = {isa = PBXFileReference; fileEncoding = 4; lastKnownFileType = sourcecode.c.h; path = ofxThreadedMidiPlayer.h; sourceTree = "<group>"; };
		0393FC52147B6860007AFB4C /* jdksmidi.a */ = {isa = PBXFileReference; lastKnownFileType = archive.ar; path = jdksmidi.a; sourceTree = "<group>"; };
		03CCAC34147E1B6B00A36942 /* ofxRuiThread.cpp */ = {isa = PBXFileReference; fileEncoding = 4; lastKnownFileType = sourcecode.cpp.cpp; path = ofxRuiThread.cpp; sourceTree = "<group>"; };
		03CCAC35147E1B6B00A36942 /* ofxRuiThread.h */ = {isa = PBXFileReference; fileEncoding = 4; lastKnownFileType = sourcecode.c.h; path = ofxRuiThread.h; sourceTree = "<group>"; };
		03D0409C147A22B300E0D074 /* advancedsequencer.h */ = {isa = PBXFileReference; fileEncoding = 4; lastKnownFileType = sourcecode.c.h; path = advancedsequencer.h; sourceTree = "<group>"; };
		03D0409D147A22B300E0D074 /* driver.h */ = {isa = PBXFileReference; fileEncoding = 4; lastKnownFileType = sourcecode.c.h; path = driver.h; sourceTree = "<group>"; };
		03D0409E147A22B300E0D074 /* driverdump.h */ = {isa = PBXFileReference; fileEncoding = 4; lastKnownFileType = sourcecode.c.h; path = driverdump.h; sourceTree = "<group>"; };
		03D0409F147A22B300E0D074 /* driverwin32.h */ = {isa = PBXFileReference; fileEncoding = 4; lastKnownFileType = sourcecode.c.h; path = driverwin32.h; sourceTree = "<group>"; };
		03D040A0147A22B300E0D074 /* edittrack.h */ = {isa = PBXFileReference; fileEncoding = 4; lastKnownFileType = sourcecode.c.h; path = edittrack.h; sourceTree = "<group>"; };
		03D040A1147A22B300E0D074 /* file.h */ = {isa = PBXFileReference; fileEncoding = 4; lastKnownFileType = sourcecode.c.h; path = file.h; sourceTree = "<group>"; };
		03D040A2147A22B300E0D074 /* fileread.h */ = {isa = PBXFileReference; fileEncoding = 4; lastKnownFileType = sourcecode.c.h; path = fileread.h; sourceTree = "<group>"; };
		03D040A3147A22B300E0D074 /* filereadmultitrack.h */ = {isa = PBXFileReference; fileEncoding = 4; lastKnownFileType = sourcecode.c.h; path = filereadmultitrack.h; sourceTree = "<group>"; };
		03D040A4147A22B300E0D074 /* fileshow.h */ = {isa = PBXFileReference; fileEncoding = 4; lastKnownFileType = sourcecode.c.h; path = fileshow.h; sourceTree = "<group>"; };
		03D040A5147A22B300E0D074 /* filewrite.h */ = {isa = PBXFileReference; fileEncoding = 4; lastKnownFileType = sourcecode.c.h; path = filewrite.h; sourceTree = "<group>"; };
		03D040A6147A22B300E0D074 /* filewritemultitrack.h */ = {isa = PBXFileReference; fileEncoding = 4; lastKnownFileType = sourcecode.c.h; path = filewritemultitrack.h; sourceTree = "<group>"; };
		03D040A7147A22B300E0D074 /* keysig.h */ = {isa = PBXFileReference; fileEncoding = 4; lastKnownFileType = sourcecode.c.h; path = keysig.h; sourceTree = "<group>"; };
		03D040A8147A22B300E0D074 /* manager.h */ = {isa = PBXFileReference; fileEncoding = 4; lastKnownFileType = sourcecode.c.h; path = manager.h; sourceTree = "<group>"; };
		03D040A9147A22B300E0D074 /* matrix.h */ = {isa = PBXFileReference; fileEncoding = 4; lastKnownFileType = sourcecode.c.h; path = matrix.h; sourceTree = "<group>"; };
		03D040AA147A22B300E0D074 /* midi.h */ = {isa = PBXFileReference; fileEncoding = 4; lastKnownFileType = sourcecode.c.h; path = midi.h; sourceTree = "<group>"; };
		03D040AB147A22B300E0D074 /* msg.h */ = {isa = PBXFileReference; fileEncoding = 4; lastKnownFileType = sourcecode.c.h; path = msg.h; sourceTree = "<group>"; };
		03D040AC147A22B300E0D074 /* multitrack.h */ = {isa = PBXFileReference; fileEncoding = 4; lastKnownFileType = sourcecode.c.h; path = multitrack.h; sourceTree = "<group>"; };
		03D040AD147A22B300E0D074 /* parser.h */ = {isa = PBXFileReference; fileEncoding = 4; lastKnownFileType = sourcecode.c.h; path = parser.h; sourceTree = "<group>"; };
		03D040AE147A22B300E0D074 /* process.h */ = {isa = PBXFileReference; fileEncoding = 4; lastKnownFileType = sourcecode.c.h; path = process.h; sourceTree = "<group>"; };
		03D040AF147A22B300E0D074 /* queue.h */ = {isa = PBXFileReference; fileEncoding = 4; lastKnownFileType = sourcecode.c.h; path = queue.h; sourceTree = "<group>"; };
		03D040B0147A22B300E0D074 /* sequencer.h */ = {isa = PBXFileReference; fileEncoding = 4; lastKnownFileType = sourcecode.c.h; path = sequencer.h; sourceTree = "<group>"; };
		03D040B1147A22B300E0D074 /* showcontrol.h */ = {isa = PBXFileReference; fileEncoding = 4; lastKnownFileType = sourcecode.c.h; path = showcontrol.h; sourceTree = "<group>"; };
		03D040B2147A22B300E0D074 /* showcontrolhandler.h */ = {isa = PBXFileReference; fileEncoding = 4; lastKnownFileType = sourcecode.c.h; path = showcontrolhandler.h; sourceTree = "<group>"; };
		03D040B3147A22B300E0D074 /* smpte.h */ = {isa = PBXFileReference; fileEncoding = 4; lastKnownFileType = sourcecode.c.h; path = smpte.h; sourceTree = "<group>"; };
		03D040B4147A22B300E0D074 /* song.h */ = {isa = PBXFileReference; fileEncoding = 4; lastKnownFileType = sourcecode.c.h; path = song.h; sourceTree = "<group>"; };
		03D040B5147A22B300E0D074 /* sysex.h */ = {isa = PBXFileReference; fileEncoding = 4; lastKnownFileType = sourcecode.c.h; path = sysex.h; sourceTree = "<group>"; };
		03D040B6147A22B300E0D074 /* tempo.h */ = {isa = PBXFileReference; fileEncoding = 4; lastKnownFileType = sourcecode.c.h; path = tempo.h; sourceTree = "<group>"; };
		03D040B7147A22B300E0D074 /* tick.h */ = {isa = PBXFileReference; fileEncoding = 4; lastKnownFileType = sourcecode.c.h; path = tick.h; sourceTree = "<group>"; };
		03D040B8147A22B300E0D074 /* track.h */ = {isa = PBXFileReference; fileEncoding = 4; lastKnownFileType = sourcecode.c.h; path = track.h; sourceTree = "<group>"; };
		03D040B9147A22B300E0D074 /* utils.h */ = {isa = PBXFileReference; fileEncoding = 4; lastKnownFileType = sourcecode.c.h; path = utils.h; sourceTree = "<group>"; };
		03D040BA147A22B300E0D074 /* world.h */ = {isa = PBXFileReference; fileEncoding = 4; lastKnownFileType = sourcecode.c.h; path = world.h; sourceTree = "<group>"; };
		3468A6B4147BF42B0070D3BD /* RtError.h */ = {isa = PBXFileReference; fileEncoding = 4; lastKnownFileType = sourcecode.c.h; path = RtError.h; sourceTree = "<group>"; };
		3468A6B5147BF42B0070D3BD /* RtMidi.cpp */ = {isa = PBXFileReference; fileEncoding = 4; lastKnownFileType = sourcecode.cpp.cpp; path = RtMidi.cpp; sourceTree = "<group>"; };
		3468A6B6147BF42B0070D3BD /* RtMidi.h */ = {isa = PBXFileReference; fileEncoding = 4; lastKnownFileType = sourcecode.c.h; path = RtMidi.h; sourceTree = "<group>"; };
		3468A6B8147BF42B0070D3BD /* ofxMidi.h */ = {isa = PBXFileReference; fileEncoding = 4; lastKnownFileType = sourcecode.c.h; path = ofxMidi.h; sourceTree = "<group>"; };
		3468A6B9147BF42B0070D3BD /* ofxMidiConstants.h */ = {isa = PBXFileReference; fileEncoding = 4; lastKnownFileType = sourcecode.c.h; path = ofxMidiConstants.h; sourceTree = "<group>"; };
		3468A6BA147BF42B0070D3BD /* ofxMidiEvents.h */ = {isa = PBXFileReference; fileEncoding = 4; lastKnownFileType = sourcecode.c.h; path = ofxMidiEvents.h; sourceTree = "<group>"; };
		3468A6BB147BF42B0070D3BD /* ofxMidiIn.cpp */ = {isa = PBXFileReference; fileEncoding = 4; lastKnownFileType = sourcecode.cpp.cpp; path = ofxMidiIn.cpp; sourceTree = "<group>"; };
		3468A6BC147BF42B0070D3BD /* ofxMidiIn.h */ = {isa = PBXFileReference; fileEncoding = 4; lastKnownFileType = sourcecode.c.h; path = ofxMidiIn.h; sourceTree = "<group>"; };
		3468A6BD147BF42B0070D3BD /* ofxMidiOut.cpp */ = {isa = PBXFileReference; fileEncoding = 4; lastKnownFileType = sourcecode.cpp.cpp; path = ofxMidiOut.cpp; sourceTree = "<group>"; };
		3468A6BE147BF42B0070D3BD /* ofxMidiOut.h */ = {isa = PBXFileReference; fileEncoding = 4; lastKnownFileType = sourcecode.c.h; path = ofxMidiOut.h; sourceTree = "<group>"; };
		3468A6E2147BF4DF0070D3BD /* CoreMIDI.framework */ = {isa = PBXFileReference; lastKnownFileType = wrapper.framework; name = CoreMIDI.framework; path = /System/Library/Frameworks/CoreMIDI.framework; sourceTree = "<absolute>"; };
		3492E748147ACCBA00127D92 /* jdksmidi_advancedsequencer.cpp */ = {isa = PBXFileReference; fileEncoding = 4; lastKnownFileType = sourcecode.cpp.cpp; path = jdksmidi_advancedsequencer.cpp; sourceTree = "<group>"; };
		3492E749147ACCBA00127D92 /* jdksmidi_driver.cpp */ = {isa = PBXFileReference; fileEncoding = 4; lastKnownFileType = sourcecode.cpp.cpp; path = jdksmidi_driver.cpp; sourceTree = "<group>"; };
		3492E74A147ACCBA00127D92 /* jdksmidi_driverdump.cpp */ = {isa = PBXFileReference; fileEncoding = 4; lastKnownFileType = sourcecode.cpp.cpp; path = jdksmidi_driverdump.cpp; sourceTree = "<group>"; };
		3492E74B147ACCBA00127D92 /* jdksmidi_edittrack.cpp */ = {isa = PBXFileReference; fileEncoding = 4; lastKnownFileType = sourcecode.cpp.cpp; path = jdksmidi_edittrack.cpp; sourceTree = "<group>"; };
		3492E74C147ACCBA00127D92 /* jdksmidi_file.cpp */ = {isa = PBXFileReference; fileEncoding = 4; lastKnownFileType = sourcecode.cpp.cpp; path = jdksmidi_file.cpp; sourceTree = "<group>"; };
		3492E74D147ACCBA00127D92 /* jdksmidi_fileread.cpp */ = {isa = PBXFileReference; fileEncoding = 4; lastKnownFileType = sourcecode.cpp.cpp; path = jdksmidi_fileread.cpp; sourceTree = "<group>"; };
		3492E74E147ACCBA00127D92 /* jdksmidi_filereadmultitrack.cpp */ = {isa = PBXFileReference; fileEncoding = 4; lastKnownFileType = sourcecode.cpp.cpp; path = jdksmidi_filereadmultitrack.cpp; sourceTree = "<group>"; };
		3492E74F147ACCBA00127D92 /* jdksmidi_fileshow.cpp */ = {isa = PBXFileReference; fileEncoding = 4; lastKnownFileType = sourcecode.cpp.cpp; path = jdksmidi_fileshow.cpp; sourceTree = "<group>"; };
		3492E750147ACCBA00127D92 /* jdksmidi_filewrite.cpp */ = {isa = PBXFileReference; fileEncoding = 4; lastKnownFileType = sourcecode.cpp.cpp; path = jdksmidi_filewrite.cpp; sourceTree = "<group>"; };
		3492E751147ACCBA00127D92 /* jdksmidi_filewritemultitrack.cpp */ = {isa = PBXFileReference; fileEncoding = 4; lastKnownFileType = sourcecode.cpp.cpp; path = jdksmidi_filewritemultitrack.cpp; sourceTree = "<group>"; };
		3492E752147ACCBA00127D92 /* jdksmidi_keysig.cpp */ = {isa = PBXFileReference; fileEncoding = 4; lastKnownFileType = sourcecode.cpp.cpp; path = jdksmidi_keysig.cpp; sourceTree = "<group>"; };
		3492E753147ACCBA00127D92 /* jdksmidi_manager.cpp */ = {isa = PBXFileReference; fileEncoding = 4; lastKnownFileType = sourcecode.cpp.cpp; path = jdksmidi_manager.cpp; sourceTree = "<group>"; };
		3492E754147ACCBA00127D92 /* jdksmidi_matrix.cpp */ = {isa = PBXFileReference; fileEncoding = 4; lastKnownFileType = sourcecode.cpp.cpp; path = jdksmidi_matrix.cpp; sourceTree = "<group>"; };
		3492E755147ACCBA00127D92 /* jdksmidi_midi.cpp */ = {isa = PBXFileReference; fileEncoding = 4; lastKnownFileType = sourcecode.cpp.cpp; path = jdksmidi_midi.cpp; sourceTree = "<group>"; };
		3492E756147ACCBA00127D92 /* jdksmidi_msg.cpp */ = {isa = PBXFileReference; fileEncoding = 4; lastKnownFileType = sourcecode.cpp.cpp; path = jdksmidi_msg.cpp; sourceTree = "<group>"; };
		3492E757147ACCBA00127D92 /* jdksmidi_multitrack.cpp */ = {isa = PBXFileReference; fileEncoding = 4; lastKnownFileType = sourcecode.cpp.cpp; path = jdksmidi_multitrack.cpp; sourceTree = "<group>"; };
		3492E758147ACCBA00127D92 /* jdksmidi_parser.cpp */ = {isa = PBXFileReference; fileEncoding = 4; lastKnownFileType = sourcecode.cpp.cpp; path = jdksmidi_parser.cpp; sourceTree = "<group>"; };
		3492E759147ACCBA00127D92 /* jdksmidi_process.cpp */ = {isa = PBXFileReference; fileEncoding = 4; lastKnownFileType = sourcecode.cpp.cpp; path = jdksmidi_process.cpp; sourceTree = "<group>"; };
		3492E75A147ACCBA00127D92 /* jdksmidi_queue.cpp */ = {isa = PBXFileReference; fileEncoding = 4; lastKnownFileType = sourcecode.cpp.cpp; path = jdksmidi_queue.cpp; sourceTree = "<group>"; };
		3492E75B147ACCBA00127D92 /* jdksmidi_sequencer.cpp */ = {isa = PBXFileReference; fileEncoding = 4; lastKnownFileType = sourcecode.cpp.cpp; path = jdksmidi_sequencer.cpp; sourceTree = "<group>"; };
		3492E75C147ACCBA00127D92 /* jdksmidi_showcontrol.cpp */ = {isa = PBXFileReference; fileEncoding = 4; lastKnownFileType = sourcecode.cpp.cpp; path = jdksmidi_showcontrol.cpp; sourceTree = "<group>"; };
		3492E75D147ACCBA00127D92 /* jdksmidi_showcontrolhandler.cpp */ = {isa = PBXFileReference; fileEncoding = 4; lastKnownFileType = sourcecode.cpp.cpp; path = jdksmidi_showcontrolhandler.cpp; sourceTree = "<group>"; };
		3492E75E147ACCBA00127D92 /* jdksmidi_smpte.cpp */ = {isa = PBXFileReference; fileEncoding = 4; lastKnownFileType = sourcecode.cpp.cpp; path = jdksmidi_smpte.cpp; sourceTree = "<group>"; };
		3492E75F147ACCBA00127D92 /* jdksmidi_sysex.cpp */ = {isa = PBXFileReference; fileEncoding = 4; lastKnownFileType = sourcecode.cpp.cpp; path = jdksmidi_sysex.cpp; sourceTree = "<group>"; };
		3492E760147ACCBA00127D92 /* jdksmidi_tempo.cpp */ = {isa = PBXFileReference; fileEncoding = 4; lastKnownFileType = sourcecode.cpp.cpp; path = jdksmidi_tempo.cpp; sourceTree = "<group>"; };
		3492E761147ACCBA00127D92 /* jdksmidi_tick.cpp */ = {isa = PBXFileReference; fileEncoding = 4; lastKnownFileType = sourcecode.cpp.cpp; path = jdksmidi_tick.cpp; sourceTree = "<group>"; };
		3492E762147ACCBA00127D92 /* jdksmidi_track.cpp */ = {isa = PBXFileReference; fileEncoding = 4; lastKnownFileType = sourcecode.cpp.cpp; path = jdksmidi_track.cpp; sourceTree = "<group>"; };
		3492E763147ACCBA00127D92 /* jdksmidi_utils.cpp */ = {isa = PBXFileReference; fileEncoding = 4; lastKnownFileType = sourcecode.cpp.cpp; path = jdksmidi_utils.cpp; sourceTree = "<group>"; };
		3492E765147ACCBA00127D92 /* jdksmidi_driverwin32.cpp */ = {isa = PBXFileReference; fileEncoding = 4; lastKnownFileType = sourcecode.cpp.cpp; path = jdksmidi_driverwin32.cpp; sourceTree = "<group>"; };
		BBAB23BE13894E4700AA2426 /* GLUT.framework */ = {isa = PBXFileReference; lastKnownFileType = wrapper.framework; name = GLUT.framework; path = ../../../libs/glut/lib/osx/GLUT.framework; sourceTree = "<group>"; };
		E4328143138ABC890047C5CB /* openFrameworksLib.xcodeproj */ = {isa = PBXFileReference; lastKnownFileType = "wrapper.pb-project"; name = openFrameworksLib.xcodeproj; path = ../../../libs/openFrameworksCompiled/project/osx/openFrameworksLib.xcodeproj; sourceTree = SOURCE_ROOT; };
		E45BE9710E8CC7DD009D7055 /* AGL.framework */ = {isa = PBXFileReference; lastKnownFileType = wrapper.framework; name = AGL.framework; path = /System/Library/Frameworks/AGL.framework; sourceTree = "<absolute>"; };
		E45BE9720E8CC7DD009D7055 /* ApplicationServices.framework */ = {isa = PBXFileReference; lastKnownFileType = wrapper.framework; name = ApplicationServices.framework; path = /System/Library/Frameworks/ApplicationServices.framework; sourceTree = "<absolute>"; };
		E45BE9730E8CC7DD009D7055 /* AudioToolbox.framework */ = {isa = PBXFileReference; lastKnownFileType = wrapper.framework; name = AudioToolbox.framework; path = /System/Library/Frameworks/AudioToolbox.framework; sourceTree = "<absolute>"; };
		E45BE9740E8CC7DD009D7055 /* Carbon.framework */ = {isa = PBXFileReference; lastKnownFileType = wrapper.framework; name = Carbon.framework; path = /System/Library/Frameworks/Carbon.framework; sourceTree = "<absolute>"; };
		E45BE9750E8CC7DD009D7055 /* CoreAudio.framework */ = {isa = PBXFileReference; lastKnownFileType = wrapper.framework; name = CoreAudio.framework; path = /System/Library/Frameworks/CoreAudio.framework; sourceTree = "<absolute>"; };
		E45BE9760E8CC7DD009D7055 /* CoreFoundation.framework */ = {isa = PBXFileReference; lastKnownFileType = wrapper.framework; name = CoreFoundation.framework; path = /System/Library/Frameworks/CoreFoundation.framework; sourceTree = "<absolute>"; };
		E45BE9770E8CC7DD009D7055 /* CoreServices.framework */ = {isa = PBXFileReference; lastKnownFileType = wrapper.framework; name = CoreServices.framework; path = /System/Library/Frameworks/CoreServices.framework; sourceTree = "<absolute>"; };
		E45BE9790E8CC7DD009D7055 /* OpenGL.framework */ = {isa = PBXFileReference; lastKnownFileType = wrapper.framework; name = OpenGL.framework; path = /System/Library/Frameworks/OpenGL.framework; sourceTree = "<absolute>"; };
		E45BE97A0E8CC7DD009D7055 /* QuickTime.framework */ = {isa = PBXFileReference; lastKnownFileType = wrapper.framework; name = QuickTime.framework; path = /System/Library/Frameworks/QuickTime.framework; sourceTree = "<absolute>"; };
		E4B69B5B0A3A1756003C02F2 /* jdksMidiExampleDebug.app */ = {isa = PBXFileReference; explicitFileType = wrapper.application; includeInIndex = 0; path = jdksMidiExampleDebug.app; sourceTree = BUILT_PRODUCTS_DIR; };
		E4B69E1D0A3A1BDC003C02F2 /* main.cpp */ = {isa = PBXFileReference; fileEncoding = 30; lastKnownFileType = sourcecode.cpp.cpp; name = main.cpp; path = src/main.cpp; sourceTree = SOURCE_ROOT; };
		E4B69E1E0A3A1BDC003C02F2 /* testApp.cpp */ = {isa = PBXFileReference; explicitFileType = sourcecode.cpp.cpp; fileEncoding = 30; name = testApp.cpp; path = src/testApp.cpp; sourceTree = SOURCE_ROOT; };
		E4B69E1F0A3A1BDC003C02F2 /* testApp.h */ = {isa = PBXFileReference; fileEncoding = 30; lastKnownFileType = sourcecode.c.h; name = testApp.h; path = src/testApp.h; sourceTree = SOURCE_ROOT; };
		E4B6FCAD0C3E899E008CF71C /* openFrameworks-Info.plist */ = {isa = PBXFileReference; fileEncoding = 30; lastKnownFileType = text.plist.xml; path = "openFrameworks-Info.plist"; sourceTree = "<group>"; };
		E4C2424410CC5A17004149E2 /* AppKit.framework */ = {isa = PBXFileReference; lastKnownFileType = wrapper.framework; name = AppKit.framework; path = /System/Library/Frameworks/AppKit.framework; sourceTree = "<absolute>"; };
		E4C2424510CC5A17004149E2 /* Cocoa.framework */ = {isa = PBXFileReference; lastKnownFileType = wrapper.framework; name = Cocoa.framework; path = /System/Library/Frameworks/Cocoa.framework; sourceTree = "<absolute>"; };
		E4C2424610CC5A17004149E2 /* IOKit.framework */ = {isa = PBXFileReference; lastKnownFileType = wrapper.framework; name = IOKit.framework; path = /System/Library/Frameworks/IOKit.framework; sourceTree = "<absolute>"; };
		E4EB691F138AFCF100A09F29 /* CoreOF.xcconfig */ = {isa = PBXFileReference; fileEncoding = 4; lastKnownFileType = text.xcconfig; name = CoreOF.xcconfig; path = ../../../libs/openFrameworksCompiled/project/osx/CoreOF.xcconfig; sourceTree = SOURCE_ROOT; };
		E4EB6923138AFD0F00A09F29 /* Project.xcconfig */ = {isa = PBXFileReference; fileEncoding = 4; lastKnownFileType = text.xcconfig; path = Project.xcconfig; sourceTree = "<group>"; };
/* End PBXFileReference section */

/* Begin PBXFrameworksBuildPhase section */
		E4B69B590A3A1756003C02F2 /* Frameworks */ = {
			isa = PBXFrameworksBuildPhase;
			buildActionMask = 2147483647;
			files = (
				E4EB6799138ADC1D00A09F29 /* GLUT.framework in Frameworks */,
				E4328149138ABC9F0047C5CB /* openFrameworksDebug.a in Frameworks */,
				E45BE97B0E8CC7DD009D7055 /* AGL.framework in Frameworks */,
				E45BE97C0E8CC7DD009D7055 /* ApplicationServices.framework in Frameworks */,
				E45BE97D0E8CC7DD009D7055 /* AudioToolbox.framework in Frameworks */,
				E45BE97E0E8CC7DD009D7055 /* Carbon.framework in Frameworks */,
				E45BE97F0E8CC7DD009D7055 /* CoreAudio.framework in Frameworks */,
				E45BE9800E8CC7DD009D7055 /* CoreFoundation.framework in Frameworks */,
				E45BE9810E8CC7DD009D7055 /* CoreServices.framework in Frameworks */,
				E45BE9830E8CC7DD009D7055 /* OpenGL.framework in Frameworks */,
				E45BE9840E8CC7DD009D7055 /* QuickTime.framework in Frameworks */,
				E4C2424710CC5A17004149E2 /* AppKit.framework in Frameworks */,
				E4C2424810CC5A17004149E2 /* Cocoa.framework in Frameworks */,
				E4C2424910CC5A17004149E2 /* IOKit.framework in Frameworks */,
				0393FC53147B6860007AFB4C /* jdksmidi.a in Frameworks */,
				3468A6E3147BF4DF0070D3BD /* CoreMIDI.framework in Frameworks */,
			);
			runOnlyForDeploymentPostprocessing = 0;
		};
/* End PBXFrameworksBuildPhase section */

/* Begin PBXGroup section */
		03309E7F147E41C500586F9C /* ofxThreadedMidiPlayer */ = {
			isa = PBXGroup;
			children = (
				03309E80147E41C500586F9C /* src */,
			);
			name = ofxThreadedMidiPlayer;
			path = addons/ofxThreadedMidiPlayer;
			sourceTree = "<group>";
		};
		03309E80147E41C500586F9C /* src */ = {
			isa = PBXGroup;
			children = (
				03309E81147E41C500586F9C /* ofxThreadedMidiPlayer.h */,
			);
			path = src;
			sourceTree = "<group>";
		};
		03CCAC32147E1B6B00A36942 /* ofxRuiThread */ = {
			isa = PBXGroup;
			children = (
				03CCAC33147E1B6B00A36942 /* src */,
			);
			name = ofxRuiThread;
			path = addons/ofxRuiThread;
			sourceTree = "<group>";
		};
		03CCAC33147E1B6B00A36942 /* src */ = {
			isa = PBXGroup;
			children = (
				03CCAC34147E1B6B00A36942 /* ofxRuiThread.cpp */,
				03CCAC35147E1B6B00A36942 /* ofxRuiThread.h */,
			);
			path = src;
			sourceTree = "<group>";
		};
		03D04099147A22B300E0D074 /* jdksmidi */ = {
			isa = PBXGroup;
			children = (
				3492E747147ACCBA00127D92 /* src */,
				03D0409A147A22B300E0D074 /* include */,
				03D040BB147A22B300E0D074 /* lib */,
			);
			name = jdksmidi;
			path = addons/jdksmidi;
			sourceTree = "<group>";
		};
		03D0409A147A22B300E0D074 /* include */ = {
			isa = PBXGroup;
			children = (
				03D0409B147A22B300E0D074 /* jdksmidi */,
			);
			path = include;
			sourceTree = "<group>";
		};
		03D0409B147A22B300E0D074 /* jdksmidi */ = {
			isa = PBXGroup;
			children = (
				03D0409C147A22B300E0D074 /* advancedsequencer.h */,
				03D0409D147A22B300E0D074 /* driver.h */,
				03D0409E147A22B300E0D074 /* driverdump.h */,
				03D0409F147A22B300E0D074 /* driverwin32.h */,
				03D040A0147A22B300E0D074 /* edittrack.h */,
				03D040A1147A22B300E0D074 /* file.h */,
				03D040A2147A22B300E0D074 /* fileread.h */,
				03D040A3147A22B300E0D074 /* filereadmultitrack.h */,
				03D040A4147A22B300E0D074 /* fileshow.h */,
				03D040A5147A22B300E0D074 /* filewrite.h */,
				03D040A6147A22B300E0D074 /* filewritemultitrack.h */,
				03D040A7147A22B300E0D074 /* keysig.h */,
				03D040A8147A22B300E0D074 /* manager.h */,
				03D040A9147A22B300E0D074 /* matrix.h */,
				03D040AA147A22B300E0D074 /* midi.h */,
				03D040AB147A22B300E0D074 /* msg.h */,
				03D040AC147A22B300E0D074 /* multitrack.h */,
				03D040AD147A22B300E0D074 /* parser.h */,
				03D040AE147A22B300E0D074 /* process.h */,
				03D040AF147A22B300E0D074 /* queue.h */,
				03D040B0147A22B300E0D074 /* sequencer.h */,
				03D040B1147A22B300E0D074 /* showcontrol.h */,
				03D040B2147A22B300E0D074 /* showcontrolhandler.h */,
				03D040B3147A22B300E0D074 /* smpte.h */,
				03D040B4147A22B300E0D074 /* song.h */,
				03D040B5147A22B300E0D074 /* sysex.h */,
				03D040B6147A22B300E0D074 /* tempo.h */,
				03D040B7147A22B300E0D074 /* tick.h */,
				03D040B8147A22B300E0D074 /* track.h */,
				03D040B9147A22B300E0D074 /* utils.h */,
				03D040BA147A22B300E0D074 /* world.h */,
			);
			path = jdksmidi;
			sourceTree = "<group>";
		};
		03D040BB147A22B300E0D074 /* lib */ = {
			isa = PBXGroup;
			children = (
				0393FC52147B6860007AFB4C /* jdksmidi.a */,
			);
			path = lib;
			sourceTree = "<group>";
		};
		3468A6B2147BF42B0070D3BD /* ofxMidi */ = {
			isa = PBXGroup;
			children = (
				3468A6B3147BF42B0070D3BD /* libs */,
				3468A6B7147BF42B0070D3BD /* src */,
			);
			name = ofxMidi;
			path = addons/ofxMidi;
			sourceTree = "<group>";
		};
		3468A6B3147BF42B0070D3BD /* libs */ = {
			isa = PBXGroup;
			children = (
				3468A6B4147BF42B0070D3BD /* RtError.h */,
				3468A6B5147BF42B0070D3BD /* RtMidi.cpp */,
				3468A6B6147BF42B0070D3BD /* RtMidi.h */,
			);
			path = libs;
			sourceTree = "<group>";
		};
		3468A6B7147BF42B0070D3BD /* src */ = {
			isa = PBXGroup;
			children = (
				3468A6B8147BF42B0070D3BD /* ofxMidi.h */,
				3468A6B9147BF42B0070D3BD /* ofxMidiConstants.h */,
				3468A6BA147BF42B0070D3BD /* ofxMidiEvents.h */,
				3468A6BB147BF42B0070D3BD /* ofxMidiIn.cpp */,
				3468A6BC147BF42B0070D3BD /* ofxMidiIn.h */,
				3468A6BD147BF42B0070D3BD /* ofxMidiOut.cpp */,
				3468A6BE147BF42B0070D3BD /* ofxMidiOut.h */,
			);
			path = src;
			sourceTree = "<group>";
		};
		3492E747147ACCBA00127D92 /* src */ = {
			isa = PBXGroup;
			children = (
				3492E748147ACCBA00127D92 /* jdksmidi_advancedsequencer.cpp */,
				3492E749147ACCBA00127D92 /* jdksmidi_driver.cpp */,
				3492E74A147ACCBA00127D92 /* jdksmidi_driverdump.cpp */,
				3492E74B147ACCBA00127D92 /* jdksmidi_edittrack.cpp */,
				3492E74C147ACCBA00127D92 /* jdksmidi_file.cpp */,
				3492E74D147ACCBA00127D92 /* jdksmidi_fileread.cpp */,
				3492E74E147ACCBA00127D92 /* jdksmidi_filereadmultitrack.cpp */,
				3492E74F147ACCBA00127D92 /* jdksmidi_fileshow.cpp */,
				3492E750147ACCBA00127D92 /* jdksmidi_filewrite.cpp */,
				3492E751147ACCBA00127D92 /* jdksmidi_filewritemultitrack.cpp */,
				3492E752147ACCBA00127D92 /* jdksmidi_keysig.cpp */,
				3492E753147ACCBA00127D92 /* jdksmidi_manager.cpp */,
				3492E754147ACCBA00127D92 /* jdksmidi_matrix.cpp */,
				3492E755147ACCBA00127D92 /* jdksmidi_midi.cpp */,
				3492E756147ACCBA00127D92 /* jdksmidi_msg.cpp */,
				3492E757147ACCBA00127D92 /* jdksmidi_multitrack.cpp */,
				3492E758147ACCBA00127D92 /* jdksmidi_parser.cpp */,
				3492E759147ACCBA00127D92 /* jdksmidi_process.cpp */,
				3492E75A147ACCBA00127D92 /* jdksmidi_queue.cpp */,
				3492E75B147ACCBA00127D92 /* jdksmidi_sequencer.cpp */,
				3492E75C147ACCBA00127D92 /* jdksmidi_showcontrol.cpp */,
				3492E75D147ACCBA00127D92 /* jdksmidi_showcontrolhandler.cpp */,
				3492E75E147ACCBA00127D92 /* jdksmidi_smpte.cpp */,
				3492E75F147ACCBA00127D92 /* jdksmidi_sysex.cpp */,
				3492E760147ACCBA00127D92 /* jdksmidi_tempo.cpp */,
				3492E761147ACCBA00127D92 /* jdksmidi_tick.cpp */,
				3492E762147ACCBA00127D92 /* jdksmidi_track.cpp */,
				3492E763147ACCBA00127D92 /* jdksmidi_utils.cpp */,
				3492E764147ACCBA00127D92 /* win32 */,
			);
			path = src;
			sourceTree = "<group>";
		};
		3492E764147ACCBA00127D92 /* win32 */ = {
			isa = PBXGroup;
			children = (
				3492E765147ACCBA00127D92 /* jdksmidi_driverwin32.cpp */,
			);
			path = win32;
			sourceTree = "<group>";
		};
		BB4B014C10F69532006C3DED /* addons */ = {
			isa = PBXGroup;
			children = (
				03309E7F147E41C500586F9C /* ofxThreadedMidiPlayer */,
				03CCAC32147E1B6B00A36942 /* ofxRuiThread */,
				3468A6B2147BF42B0070D3BD /* ofxMidi */,
				03D04099147A22B300E0D074 /* jdksmidi */,
			);
			name = addons;
			sourceTree = "<group>";
		};
		BBAB23C913894ECA00AA2426 /* system frameworks */ = {
			isa = PBXGroup;
			children = (
				E4C2424410CC5A17004149E2 /* AppKit.framework */,
				E4C2424510CC5A17004149E2 /* Cocoa.framework */,
				E4C2424610CC5A17004149E2 /* IOKit.framework */,
				E45BE9710E8CC7DD009D7055 /* AGL.framework */,
				E45BE9720E8CC7DD009D7055 /* ApplicationServices.framework */,
				E45BE9730E8CC7DD009D7055 /* AudioToolbox.framework */,
				E45BE9740E8CC7DD009D7055 /* Carbon.framework */,
				E45BE9750E8CC7DD009D7055 /* CoreAudio.framework */,
				E45BE9760E8CC7DD009D7055 /* CoreFoundation.framework */,
				E45BE9770E8CC7DD009D7055 /* CoreServices.framework */,
				E45BE9790E8CC7DD009D7055 /* OpenGL.framework */,
				E45BE97A0E8CC7DD009D7055 /* QuickTime.framework */,
			);
			name = "system frameworks";
			sourceTree = "<group>";
		};
		BBAB23CA13894EDB00AA2426 /* 3rd party frameworks */ = {
			isa = PBXGroup;
			children = (
				BBAB23BE13894E4700AA2426 /* GLUT.framework */,
			);
			name = "3rd party frameworks";
			sourceTree = "<group>";
		};
		E4328144138ABC890047C5CB /* Products */ = {
			isa = PBXGroup;
			children = (
				E4328148138ABC890047C5CB /* openFrameworksDebug.a */,
			);
			name = Products;
			sourceTree = "<group>";
		};
		E45BE5980E8CC70C009D7055 /* frameworks */ = {
			isa = PBXGroup;
			children = (
				BBAB23CA13894EDB00AA2426 /* 3rd party frameworks */,
				BBAB23C913894ECA00AA2426 /* system frameworks */,
			);
			name = frameworks;
			sourceTree = "<group>";
		};
		E4B69B4A0A3A1720003C02F2 = {
			isa = PBXGroup;
			children = (
				E4EB6923138AFD0F00A09F29 /* Project.xcconfig */,
				E4B69E1C0A3A1BDC003C02F2 /* src */,
				E4EEC9E9138DF44700A80321 /* openFrameworks */,
				BB4B014C10F69532006C3DED /* addons */,
				E45BE5980E8CC70C009D7055 /* frameworks */,
				E4B69B5B0A3A1756003C02F2 /* jdksMidiExampleDebug.app */,
				3468A6E2147BF4DF0070D3BD /* CoreMIDI.framework */,
			);
			sourceTree = "<group>";
		};
		E4B69E1C0A3A1BDC003C02F2 /* src */ = {
			isa = PBXGroup;
			children = (
				E4B69E1D0A3A1BDC003C02F2 /* main.cpp */,
				E4B69E1E0A3A1BDC003C02F2 /* testApp.cpp */,
				E4B69E1F0A3A1BDC003C02F2 /* testApp.h */,
			);
			path = src;
			sourceTree = SOURCE_ROOT;
		};
		E4EEC9E9138DF44700A80321 /* openFrameworks */ = {
			isa = PBXGroup;
			children = (
				E4EB691F138AFCF100A09F29 /* CoreOF.xcconfig */,
				E4328143138ABC890047C5CB /* openFrameworksLib.xcodeproj */,
				E4B6FCAD0C3E899E008CF71C /* openFrameworks-Info.plist */,
			);
			name = openFrameworks;
			sourceTree = "<group>";
		};
/* End PBXGroup section */

/* Begin PBXNativeTarget section */
		E4B69B5A0A3A1756003C02F2 /* jdksMidiExample */ = {
			isa = PBXNativeTarget;
			buildConfigurationList = E4B69B5F0A3A1757003C02F2 /* Build configuration list for PBXNativeTarget "jdksMidiExample" */;
			buildPhases = (
				E4B69B580A3A1756003C02F2 /* Sources */,
				E4B69B590A3A1756003C02F2 /* Frameworks */,
				E4B6FFFD0C3F9AB9008CF71C /* ShellScript */,
				E4C2427710CC5ABF004149E2 /* CopyFiles */,
			);
			buildRules = (
			);
			dependencies = (
				E4EEB9AC138B136A00A80321 /* PBXTargetDependency */,
			);
			name = jdksMidiExample;
			productName = myOFApp;
			productReference = E4B69B5B0A3A1756003C02F2 /* jdksMidiExampleDebug.app */;
			productType = "com.apple.product-type.application";
		};
/* End PBXNativeTarget section */

/* Begin PBXProject section */
		E4B69B4C0A3A1720003C02F2 /* Project object */ = {
			isa = PBXProject;
			buildConfigurationList = E4B69B4D0A3A1720003C02F2 /* Build configuration list for PBXProject "ofxThreadedMidiPlayerExample" */;
			compatibilityVersion = "Xcode 2.4";
			developmentRegion = English;
			hasScannedForEncodings = 0;
			knownRegions = (
				English,
				Japanese,
				French,
				German,
			);
			mainGroup = E4B69B4A0A3A1720003C02F2;
			productRefGroup = E4B69B4A0A3A1720003C02F2;
			projectDirPath = "";
			projectReferences = (
				{
					ProductGroup = E4328144138ABC890047C5CB /* Products */;
					ProjectRef = E4328143138ABC890047C5CB /* openFrameworksLib.xcodeproj */;
				},
			);
			projectRoot = "";
			targets = (
				E4B69B5A0A3A1756003C02F2 /* jdksMidiExample */,
			);
		};
/* End PBXProject section */

/* Begin PBXReferenceProxy section */
		E4328148138ABC890047C5CB /* openFrameworksDebug.a */ = {
			isa = PBXReferenceProxy;
			fileType = archive.ar;
			path = openFrameworksDebug.a;
			remoteRef = E4328147138ABC890047C5CB /* PBXContainerItemProxy */;
			sourceTree = BUILT_PRODUCTS_DIR;
		};
/* End PBXReferenceProxy section */

/* Begin PBXShellScriptBuildPhase section */
		E4B6FFFD0C3F9AB9008CF71C /* ShellScript */ = {
			isa = PBXShellScriptBuildPhase;
			buildActionMask = 2147483647;
			files = (
			);
			inputPaths = (
			);
			outputPaths = (
			);
			runOnlyForDeploymentPostprocessing = 0;
			shellPath = /bin/sh;
			shellScript = "cp -f ../../../libs/fmodex/lib/osx/libfmodex.dylib \"$TARGET_BUILD_DIR/$PRODUCT_NAME.app/Contents/MacOS/libfmodex.dylib\"; install_name_tool -change ./libfmodex.dylib @executable_path/libfmodex.dylib \"$TARGET_BUILD_DIR/$PRODUCT_NAME.app/Contents/MacOS/$PRODUCT_NAME\";";
		};
/* End PBXShellScriptBuildPhase section */

/* Begin PBXSourcesBuildPhase section */
		E4B69B580A3A1756003C02F2 /* Sources */ = {
			isa = PBXSourcesBuildPhase;
			buildActionMask = 2147483647;
			files = (
				3492E766147ACCBA00127D92 /* jdksmidi_advancedsequencer.cpp in Sources */,
				3492E767147ACCBA00127D92 /* jdksmidi_driver.cpp in Sources */,
				3492E768147ACCBA00127D92 /* jdksmidi_driverdump.cpp in Sources */,
				3492E769147ACCBA00127D92 /* jdksmidi_edittrack.cpp in Sources */,
				3492E76A147ACCBA00127D92 /* jdksmidi_file.cpp in Sources */,
				3492E76B147ACCBA00127D92 /* jdksmidi_fileread.cpp in Sources */,
				3492E76C147ACCBA00127D92 /* jdksmidi_filereadmultitrack.cpp in Sources */,
				3492E76D147ACCBA00127D92 /* jdksmidi_fileshow.cpp in Sources */,
				3492E76E147ACCBA00127D92 /* jdksmidi_filewrite.cpp in Sources */,
				3492E76F147ACCBA00127D92 /* jdksmidi_filewritemultitrack.cpp in Sources */,
				3492E770147ACCBA00127D92 /* jdksmidi_keysig.cpp in Sources */,
				3492E771147ACCBA00127D92 /* jdksmidi_manager.cpp in Sources */,
				3492E772147ACCBA00127D92 /* jdksmidi_matrix.cpp in Sources */,
				3492E773147ACCBA00127D92 /* jdksmidi_midi.cpp in Sources */,
				3492E774147ACCBA00127D92 /* jdksmidi_msg.cpp in Sources */,
				3492E775147ACCBA00127D92 /* jdksmidi_multitrack.cpp in Sources */,
				3492E776147ACCBA00127D92 /* jdksmidi_parser.cpp in Sources */,
				3492E777147ACCBA00127D92 /* jdksmidi_process.cpp in Sources */,
				3492E778147ACCBA00127D92 /* jdksmidi_queue.cpp in Sources */,
				3492E779147ACCBA00127D92 /* jdksmidi_sequencer.cpp in Sources */,
				3492E77A147ACCBA00127D92 /* jdksmidi_showcontrol.cpp in Sources */,
				3492E77B147ACCBA00127D92 /* jdksmidi_showcontrolhandler.cpp in Sources */,
				3492E77C147ACCBA00127D92 /* jdksmidi_smpte.cpp in Sources */,
				3492E77D147ACCBA00127D92 /* jdksmidi_sysex.cpp in Sources */,
				3492E77E147ACCBA00127D92 /* jdksmidi_tempo.cpp in Sources */,
				3492E77F147ACCBA00127D92 /* jdksmidi_tick.cpp in Sources */,
				3492E780147ACCBA00127D92 /* jdksmidi_track.cpp in Sources */,
				3492E781147ACCBA00127D92 /* jdksmidi_utils.cpp in Sources */,
				3492E782147ACCBA00127D92 /* jdksmidi_driverwin32.cpp in Sources */,
				0393FC5F147B68BA007AFB4C /* main.cpp in Sources */,
				0393FC60147B68BF007AFB4C /* testApp.cpp in Sources */,
				3468A6BF147BF42B0070D3BD /* RtMidi.cpp in Sources */,
				3468A6C0147BF42B0070D3BD /* ofxMidiIn.cpp in Sources */,
				3468A6C1147BF42B0070D3BD /* ofxMidiOut.cpp in Sources */,
				03CCAC36147E1B6B00A36942 /* ofxRuiThread.cpp in Sources */,
			);
			runOnlyForDeploymentPostprocessing = 0;
		};
/* End PBXSourcesBuildPhase section */

/* Begin PBXTargetDependency section */
		E4EEB9AC138B136A00A80321 /* PBXTargetDependency */ = {
			isa = PBXTargetDependency;
			name = openFrameworks;
			targetProxy = E4EEB9AB138B136A00A80321 /* PBXContainerItemProxy */;
		};
/* End PBXTargetDependency section */

/* Begin XCBuildConfiguration section */
		E4B69B4E0A3A1720003C02F2 /* Debug */ = {
			isa = XCBuildConfiguration;
			baseConfigurationReference = E4EB6923138AFD0F00A09F29 /* Project.xcconfig */;
			buildSettings = {
				ARCHS = "$(NATIVE_ARCH)";
				CONFIGURATION_BUILD_DIR = "$(SRCROOT)/bin/";
				COPY_PHASE_STRIP = NO;
				DEAD_CODE_STRIPPING = YES;
				GCC_AUTO_VECTORIZATION = YES;
				GCC_ENABLE_SSE3_EXTENSIONS = YES;
				GCC_ENABLE_SUPPLEMENTAL_SSE3_INSTRUCTIONS = YES;
				GCC_INLINES_ARE_PRIVATE_EXTERN = NO;
				GCC_MODEL_TUNING = G5;
				GCC_SYMBOLS_PRIVATE_EXTERN = NO;
				GCC_WARN_ABOUT_DEPRECATED_FUNCTIONS = NO;
				GCC_WARN_ABOUT_INVALID_OFFSETOF_MACRO = NO;
				GCC_WARN_ALLOW_INCOMPLETE_PROTOCOL = NO;
				GCC_WARN_UNINITIALIZED_AUTOS = NO;
				GCC_WARN_UNUSED_VALUE = NO;
				GCC_WARN_UNUSED_VARIABLE = NO;
				OTHER_CPLUSPLUSFLAGS = (
					"-D__MACOSX_CORE__",
					"-lpthread",
				);
			};
			name = Debug;
		};
		E4B69B4F0A3A1720003C02F2 /* Release */ = {
			isa = XCBuildConfiguration;
			baseConfigurationReference = E4EB6923138AFD0F00A09F29 /* Project.xcconfig */;
			buildSettings = {
				ARCHS = "$(NATIVE_ARCH)";
				CONFIGURATION_BUILD_DIR = "$(SRCROOT)/bin/";
				COPY_PHASE_STRIP = YES;
				DEAD_CODE_STRIPPING = YES;
				GCC_AUTO_VECTORIZATION = YES;
				GCC_ENABLE_SSE3_EXTENSIONS = YES;
				GCC_ENABLE_SUPPLEMENTAL_SSE3_INSTRUCTIONS = YES;
				GCC_INLINES_ARE_PRIVATE_EXTERN = NO;
				GCC_MODEL_TUNING = G5;
				GCC_OPTIMIZATION_LEVEL = 3;
				GCC_SYMBOLS_PRIVATE_EXTERN = NO;
				GCC_UNROLL_LOOPS = YES;
				GCC_WARN_ABOUT_DEPRECATED_FUNCTIONS = NO;
				GCC_WARN_ABOUT_INVALID_OFFSETOF_MACRO = NO;
				GCC_WARN_ALLOW_INCOMPLETE_PROTOCOL = NO;
				GCC_WARN_UNINITIALIZED_AUTOS = NO;
				GCC_WARN_UNUSED_VALUE = NO;
				GCC_WARN_UNUSED_VARIABLE = NO;
				OTHER_CPLUSPLUSFLAGS = (
					"-D__MACOSX_CORE__",
					"-lpthread",
				);
			};
			name = Release;
		};
		E4B69B600A3A1757003C02F2 /* Debug */ = {
			isa = XCBuildConfiguration;
			buildSettings = {
				COPY_PHASE_STRIP = NO;
				FRAMEWORK_SEARCH_PATHS = (
					"$(inherited)",
					"$(FRAMEWORK_SEARCH_PATHS_QUOTED_FOR_TARGET_1)",
				);
				FRAMEWORK_SEARCH_PATHS_QUOTED_FOR_TARGET_1 = "\"$(SRCROOT)/../../../libs/glut/lib/osx\"";
				GCC_DYNAMIC_NO_PIC = NO;
				GCC_ENABLE_FIX_AND_CONTINUE = YES;
				GCC_GENERATE_DEBUGGING_SYMBOLS = YES;
				GCC_MODEL_TUNING = G4;
				GCC_PRECOMPILE_PREFIX_HEADER = YES;
				GCC_PREFIX_HEADER = "$(SYSTEM_LIBRARY_DIR)/Frameworks/Carbon.framework/Headers/Carbon.h";
				INFOPLIST_FILE = "openFrameworks-Info.plist";
				INSTALL_PATH = "$(HOME)/Applications";
				LIBRARY_SEARCH_PATHS = (
					"$(inherited)",
					"$(LIBRARY_SEARCH_PATHS_QUOTED_FOR_TARGET_1)",
					"$(LIBRARY_SEARCH_PATHS_QUOTED_FOR_TARGET_2)",
					"$(LIBRARY_SEARCH_PATHS_QUOTED_FOR_TARGET_3)",
					"$(LIBRARY_SEARCH_PATHS_QUOTED_FOR_TARGET_4)",
					"$(LIBRARY_SEARCH_PATHS_QUOTED_FOR_TARGET_5)",
					"$(LIBRARY_SEARCH_PATHS_QUOTED_FOR_TARGET_6)",
					"$(LIBRARY_SEARCH_PATHS_QUOTED_FOR_TARGET_7)",
					"$(LIBRARY_SEARCH_PATHS_QUOTED_FOR_TARGET_8)",
					"$(LIBRARY_SEARCH_PATHS_QUOTED_FOR_TARGET_9)",
					"$(LIBRARY_SEARCH_PATHS_QUOTED_FOR_TARGET_10)",
					"$(LIBRARY_SEARCH_PATHS_QUOTED_FOR_TARGET_11)",
					"$(LIBRARY_SEARCH_PATHS_QUOTED_FOR_TARGET_12)",
					"$(LIBRARY_SEARCH_PATHS_QUOTED_FOR_TARGET_13)",
					"$(LIBRARY_SEARCH_PATHS_QUOTED_FOR_TARGET_14)",
					"$(LIBRARY_SEARCH_PATHS_QUOTED_FOR_TARGET_15)",
					"$(LIBRARY_SEARCH_PATHS_QUOTED_FOR_TARGET_2)",
					"$(LIBRARY_SEARCH_PATHS_QUOTED_FOR_TARGET_3)",
					"$(LIBRARY_SEARCH_PATHS_QUOTED_FOR_TARGET_7)",
					"$(LIBRARY_SEARCH_PATHS_QUOTED_FOR_TARGET_8)",
					"$(LIBRARY_SEARCH_PATHS_QUOTED_FOR_TARGET_9)",
					"$(LIBRARY_SEARCH_PATHS_QUOTED_FOR_TARGET_10)",
					"$(LIBRARY_SEARCH_PATHS_QUOTED_FOR_TARGET_11)",
					"$(LIBRARY_SEARCH_PATHS_QUOTED_FOR_TARGET_12)",
					"$(LIBRARY_SEARCH_PATHS_QUOTED_FOR_TARGET_13)",
					"$(LIBRARY_SEARCH_PATHS_QUOTED_FOR_TARGET_16)",
					"$(LIBRARY_SEARCH_PATHS_QUOTED_FOR_TARGET_17)",
					"$(LIBRARY_SEARCH_PATHS_QUOTED_FOR_TARGET_18)",
					"$(LIBRARY_SEARCH_PATHS_QUOTED_FOR_TARGET_19)",
					"$(LIBRARY_SEARCH_PATHS_QUOTED_FOR_TARGET_20)",
					"$(LIBRARY_SEARCH_PATHS_QUOTED_FOR_TARGET_21)",
					"$(LIBRARY_SEARCH_PATHS_QUOTED_FOR_TARGET_22)",
					"$(LIBRARY_SEARCH_PATHS_QUOTED_FOR_TARGET_23)",
					"$(LIBRARY_SEARCH_PATHS_QUOTED_FOR_TARGET_24)",
					"$(LIBRARY_SEARCH_PATHS_QUOTED_FOR_TARGET_25)",
					"$(LIBRARY_SEARCH_PATHS_QUOTED_FOR_TARGET_26)",
					"$(LIBRARY_SEARCH_PATHS_QUOTED_FOR_TARGET_27)",
					"$(LIBRARY_SEARCH_PATHS_QUOTED_FOR_TARGET_28)",
					"$(LIBRARY_SEARCH_PATHS_QUOTED_FOR_TARGET_29)",
					"$(LIBRARY_SEARCH_PATHS_QUOTED_FOR_TARGET_30)",
					"$(LIBRARY_SEARCH_PATHS_QUOTED_FOR_TARGET_31)",
					"$(LIBRARY_SEARCH_PATHS_QUOTED_FOR_TARGET_32)",
					"$(LIBRARY_SEARCH_PATHS_QUOTED_FOR_TARGET_33)",
					"$(LIBRARY_SEARCH_PATHS_QUOTED_FOR_TARGET_34)",
					"$(LIBRARY_SEARCH_PATHS_QUOTED_FOR_TARGET_35)",
					"$(LIBRARY_SEARCH_PATHS_QUOTED_FOR_TARGET_36)",
					"$(LIBRARY_SEARCH_PATHS_QUOTED_FOR_TARGET_37)",
					"$(LIBRARY_SEARCH_PATHS_QUOTED_FOR_TARGET_38)",
					"$(LIBRARY_SEARCH_PATHS_QUOTED_FOR_TARGET_39)",
					"$(LIBRARY_SEARCH_PATHS_QUOTED_FOR_TARGET_40)",
					"$(LIBRARY_SEARCH_PATHS_QUOTED_FOR_TARGET_41)",
					"$(LIBRARY_SEARCH_PATHS_QUOTED_FOR_TARGET_42)",
					"$(LIBRARY_SEARCH_PATHS_QUOTED_FOR_TARGET_43)",
					"$(LIBRARY_SEARCH_PATHS_QUOTED_FOR_TARGET_44)",
					"$(LIBRARY_SEARCH_PATHS_QUOTED_FOR_TARGET_45)",
					"$(LIBRARY_SEARCH_PATHS_QUOTED_FOR_TARGET_46)",
					"$(LIBRARY_SEARCH_PATHS_QUOTED_FOR_TARGET_47)",
					"$(LIBRARY_SEARCH_PATHS_QUOTED_FOR_TARGET_48)",
					"$(LIBRARY_SEARCH_PATHS_QUOTED_FOR_TARGET_49)",
					"$(LIBRARY_SEARCH_PATHS_QUOTED_FOR_TARGET_50)",
					"$(LIBRARY_SEARCH_PATHS_QUOTED_FOR_TARGET_51)",
					"$(LIBRARY_SEARCH_PATHS_QUOTED_FOR_TARGET_52)",
					"$(LIBRARY_SEARCH_PATHS_QUOTED_FOR_TARGET_1)",
					"$(LIBRARY_SEARCH_PATHS_QUOTED_FOR_TARGET_2)",
					"$(LIBRARY_SEARCH_PATHS_QUOTED_FOR_TARGET_3)",
					"$(LIBRARY_SEARCH_PATHS_QUOTED_FOR_TARGET_4)",
					"$(LIBRARY_SEARCH_PATHS_QUOTED_FOR_TARGET_5)",
					"$(LIBRARY_SEARCH_PATHS_QUOTED_FOR_TARGET_6)",
					"$(LIBRARY_SEARCH_PATHS_QUOTED_FOR_TARGET_7)",
					"$(LIBRARY_SEARCH_PATHS_QUOTED_FOR_TARGET_8)",
					"$(LIBRARY_SEARCH_PATHS_QUOTED_FOR_TARGET_9)",
					"$(LIBRARY_SEARCH_PATHS_QUOTED_FOR_TARGET_10)",
				);
				LIBRARY_SEARCH_PATHS_QUOTED_FOR_TARGET_1 = "\"$(SRCROOT)/../../../addons/ofxOpenCv/libs/opencv/lib/android/armeabi\"";
				LIBRARY_SEARCH_PATHS_QUOTED_FOR_TARGET_10 = "\"$(SRCROOT)/addons/jdksmidi/lib\"";
				LIBRARY_SEARCH_PATHS_QUOTED_FOR_TARGET_2 = "\"$(SRCROOT)/../../../addons/ofxOpenCv/libs/opencv/lib/android/armeabi-v7a\"";
				LIBRARY_SEARCH_PATHS_QUOTED_FOR_TARGET_3 = "\"$(SRCROOT)/../../../addons/ofxOpenCv/libs/opencv/lib/iphone\"";
				LIBRARY_SEARCH_PATHS_QUOTED_FOR_TARGET_4 = "\"$(SRCROOT)/../../../addons/ofxOpenCv/libs/opencv/lib/linux\"";
				LIBRARY_SEARCH_PATHS_QUOTED_FOR_TARGET_5 = "\"$(SRCROOT)/../../../addons/ofxOpenCv/libs/opencv/lib/linux64\"";
				LIBRARY_SEARCH_PATHS_QUOTED_FOR_TARGET_6 = "\"$(SRCROOT)/../../../addons/ofxOpenCv/libs/opencv/lib/osx\"";
				LIBRARY_SEARCH_PATHS_QUOTED_FOR_TARGET_7 = "\"$(SRCROOT)/../../../addons/ofxOpenCv/libs/opencv/lib/vs2010\"";
				LIBRARY_SEARCH_PATHS_QUOTED_FOR_TARGET_8 = "\"$(SRCROOT)/../../../addons/ofxOpenCv/libs/opencv/lib/win_cb\"";
				LIBRARY_SEARCH_PATHS_QUOTED_FOR_TARGET_9 = "\"$(SRCROOT)/addons/jdksmidi/lib\"";
				PREBINDING = NO;
				PRODUCT_NAME = "$(TARGET_NAME)Debug";
				WRAPPER_EXTENSION = app;
			};
			name = Debug;
		};
		E4B69B610A3A1757003C02F2 /* Release */ = {
			isa = XCBuildConfiguration;
			buildSettings = {
				COPY_PHASE_STRIP = YES;
				FRAMEWORK_SEARCH_PATHS = (
					"$(inherited)",
					"$(FRAMEWORK_SEARCH_PATHS_QUOTED_FOR_TARGET_1)",
				);
				FRAMEWORK_SEARCH_PATHS_QUOTED_FOR_TARGET_1 = "\"$(SRCROOT)/../../../libs/glut/lib/osx\"";
				GCC_ENABLE_FIX_AND_CONTINUE = NO;
				GCC_GENERATE_DEBUGGING_SYMBOLS = NO;
				GCC_MODEL_TUNING = G4;
				GCC_PRECOMPILE_PREFIX_HEADER = YES;
				GCC_PREFIX_HEADER = "$(SYSTEM_LIBRARY_DIR)/Frameworks/Carbon.framework/Headers/Carbon.h";
				INFOPLIST_FILE = "openFrameworks-Info.plist";
				INSTALL_PATH = "$(HOME)/Applications";
				LIBRARY_SEARCH_PATHS = (
					"$(inherited)",
					"$(LIBRARY_SEARCH_PATHS_QUOTED_FOR_TARGET_1)",
					"$(LIBRARY_SEARCH_PATHS_QUOTED_FOR_TARGET_2)",
					"$(LIBRARY_SEARCH_PATHS_QUOTED_FOR_TARGET_3)",
					"$(LIBRARY_SEARCH_PATHS_QUOTED_FOR_TARGET_4)",
					"$(LIBRARY_SEARCH_PATHS_QUOTED_FOR_TARGET_5)",
					"$(LIBRARY_SEARCH_PATHS_QUOTED_FOR_TARGET_6)",
					"$(LIBRARY_SEARCH_PATHS_QUOTED_FOR_TARGET_7)",
					"$(LIBRARY_SEARCH_PATHS_QUOTED_FOR_TARGET_8)",
					"$(LIBRARY_SEARCH_PATHS_QUOTED_FOR_TARGET_9)",
					"$(LIBRARY_SEARCH_PATHS_QUOTED_FOR_TARGET_10)",
					"$(LIBRARY_SEARCH_PATHS_QUOTED_FOR_TARGET_11)",
					"$(LIBRARY_SEARCH_PATHS_QUOTED_FOR_TARGET_12)",
					"$(LIBRARY_SEARCH_PATHS_QUOTED_FOR_TARGET_13)",
					"$(LIBRARY_SEARCH_PATHS_QUOTED_FOR_TARGET_14)",
					"$(LIBRARY_SEARCH_PATHS_QUOTED_FOR_TARGET_15)",
					"$(LIBRARY_SEARCH_PATHS_QUOTED_FOR_TARGET_2)",
					"$(LIBRARY_SEARCH_PATHS_QUOTED_1)",
					"$(LIBRARY_SEARCH_PATHS_QUOTED_FOR_TARGET_3)",
					"$(LIBRARY_SEARCH_PATHS_QUOTED_FOR_TARGET_7)",
					"$(LIBRARY_SEARCH_PATHS_QUOTED_FOR_TARGET_8)",
					"$(LIBRARY_SEARCH_PATHS_QUOTED_FOR_TARGET_9)",
					"$(LIBRARY_SEARCH_PATHS_QUOTED_FOR_TARGET_10)",
					"$(LIBRARY_SEARCH_PATHS_QUOTED_FOR_TARGET_11)",
					"$(LIBRARY_SEARCH_PATHS_QUOTED_FOR_TARGET_12)",
					"$(LIBRARY_SEARCH_PATHS_QUOTED_FOR_TARGET_13)",
					"$(LIBRARY_SEARCH_PATHS_QUOTED_FOR_TARGET_16)",
					"$(LIBRARY_SEARCH_PATHS_QUOTED_FOR_TARGET_17)",
					"$(LIBRARY_SEARCH_PATHS_QUOTED_FOR_TARGET_18)",
					"$(LIBRARY_SEARCH_PATHS_QUOTED_FOR_TARGET_19)",
					"$(LIBRARY_SEARCH_PATHS_QUOTED_FOR_TARGET_20)",
					"$(LIBRARY_SEARCH_PATHS_QUOTED_FOR_TARGET_21)",
					"$(LIBRARY_SEARCH_PATHS_QUOTED_FOR_TARGET_22)",
					"$(LIBRARY_SEARCH_PATHS_QUOTED_FOR_TARGET_23)",
					"$(LIBRARY_SEARCH_PATHS_QUOTED_FOR_TARGET_24)",
					"$(LIBRARY_SEARCH_PATHS_QUOTED_FOR_TARGET_25)",
					"$(LIBRARY_SEARCH_PATHS_QUOTED_FOR_TARGET_26)",
					"$(LIBRARY_SEARCH_PATHS_QUOTED_FOR_TARGET_27)",
					"$(LIBRARY_SEARCH_PATHS_QUOTED_FOR_TARGET_28)",
					"$(LIBRARY_SEARCH_PATHS_QUOTED_FOR_TARGET_29)",
					"$(LIBRARY_SEARCH_PATHS_QUOTED_FOR_TARGET_30)",
					"$(LIBRARY_SEARCH_PATHS_QUOTED_FOR_TARGET_31)",
					"$(LIBRARY_SEARCH_PATHS_QUOTED_FOR_TARGET_32)",
					"$(LIBRARY_SEARCH_PATHS_QUOTED_FOR_TARGET_33)",
					"$(LIBRARY_SEARCH_PATHS_QUOTED_FOR_TARGET_34)",
					"$(LIBRARY_SEARCH_PATHS_QUOTED_FOR_TARGET_35)",
					"$(LIBRARY_SEARCH_PATHS_QUOTED_FOR_TARGET_36)",
					"$(LIBRARY_SEARCH_PATHS_QUOTED_FOR_TARGET_37)",
					"$(LIBRARY_SEARCH_PATHS_QUOTED_FOR_TARGET_38)",
					"$(LIBRARY_SEARCH_PATHS_QUOTED_FOR_TARGET_39)",
					"$(LIBRARY_SEARCH_PATHS_QUOTED_FOR_TARGET_40)",
					"$(LIBRARY_SEARCH_PATHS_QUOTED_FOR_TARGET_41)",
					"$(LIBRARY_SEARCH_PATHS_QUOTED_FOR_TARGET_42)",
					"$(LIBRARY_SEARCH_PATHS_QUOTED_FOR_TARGET_43)",
					"$(LIBRARY_SEARCH_PATHS_QUOTED_FOR_TARGET_44)",
					"$(LIBRARY_SEARCH_PATHS_QUOTED_FOR_TARGET_45)",
					"$(LIBRARY_SEARCH_PATHS_QUOTED_FOR_TARGET_46)",
					"$(LIBRARY_SEARCH_PATHS_QUOTED_FOR_TARGET_47)",
					"$(LIBRARY_SEARCH_PATHS_QUOTED_FOR_TARGET_48)",
					"$(LIBRARY_SEARCH_PATHS_QUOTED_FOR_TARGET_49)",
					"$(LIBRARY_SEARCH_PATHS_QUOTED_FOR_TARGET_50)",
					"$(LIBRARY_SEARCH_PATHS_QUOTED_FOR_TARGET_51)",
					"$(LIBRARY_SEARCH_PATHS_QUOTED_FOR_TARGET_1)",
					"$(LIBRARY_SEARCH_PATHS_QUOTED_FOR_TARGET_2)",
					"$(LIBRARY_SEARCH_PATHS_QUOTED_FOR_TARGET_3)",
					"$(LIBRARY_SEARCH_PATHS_QUOTED_FOR_TARGET_4)",
					"$(LIBRARY_SEARCH_PATHS_QUOTED_FOR_TARGET_5)",
					"$(LIBRARY_SEARCH_PATHS_QUOTED_FOR_TARGET_6)",
					"$(LIBRARY_SEARCH_PATHS_QUOTED_FOR_TARGET_7)",
					"$(LIBRARY_SEARCH_PATHS_QUOTED_FOR_TARGET_8)",
					"$(LIBRARY_SEARCH_PATHS_QUOTED_FOR_TARGET_9)",
					"$(LIBRARY_SEARCH_PATHS_QUOTED_1)",
				);
				LIBRARY_SEARCH_PATHS_QUOTED_1 = "\"$(SRCROOT)/addons/jdksmidi/lib\"";
				LIBRARY_SEARCH_PATHS_QUOTED_FOR_TARGET_1 = "\"$(SRCROOT)/../../../addons/ofxOpenCv/libs/opencv/lib/android/armeabi\"";
				LIBRARY_SEARCH_PATHS_QUOTED_FOR_TARGET_2 = "\"$(SRCROOT)/../../../addons/ofxOpenCv/libs/opencv/lib/android/armeabi-v7a\"";
				LIBRARY_SEARCH_PATHS_QUOTED_FOR_TARGET_3 = "\"$(SRCROOT)/../../../addons/ofxOpenCv/libs/opencv/lib/iphone\"";
				LIBRARY_SEARCH_PATHS_QUOTED_FOR_TARGET_4 = "\"$(SRCROOT)/../../../addons/ofxOpenCv/libs/opencv/lib/linux\"";
				LIBRARY_SEARCH_PATHS_QUOTED_FOR_TARGET_5 = "\"$(SRCROOT)/../../../addons/ofxOpenCv/libs/opencv/lib/linux64\"";
				LIBRARY_SEARCH_PATHS_QUOTED_FOR_TARGET_6 = "\"$(SRCROOT)/../../../addons/ofxOpenCv/libs/opencv/lib/osx\"";
				LIBRARY_SEARCH_PATHS_QUOTED_FOR_TARGET_7 = "\"$(SRCROOT)/../../../addons/ofxOpenCv/libs/opencv/lib/vs2010\"";
				LIBRARY_SEARCH_PATHS_QUOTED_FOR_TARGET_8 = "\"$(SRCROOT)/../../../addons/ofxOpenCv/libs/opencv/lib/win_cb\"";
				LIBRARY_SEARCH_PATHS_QUOTED_FOR_TARGET_9 = "\"$(SRCROOT)/addons/jdksmidi/lib\"";
				PREBINDING = NO;
				PRODUCT_NAME = "$(TARGET_NAME)";
				WRAPPER_EXTENSION = app;
			};
			name = Release;
		};
/* End XCBuildConfiguration section */

/* Begin XCConfigurationList section */
		E4B69B4D0A3A1720003C02F2 /* Build configuration list for PBXProject "ofxThreadedMidiPlayerExample" */ = {
			isa = XCConfigurationList;
			buildConfigurations = (
				E4B69B4E0A3A1720003C02F2 /* Debug */,
				E4B69B4F0A3A1720003C02F2 /* Release */,
			);
			defaultConfigurationIsVisible = 0;
			defaultConfigurationName = Release;
		};
		E4B69B5F0A3A1757003C02F2 /* Build configuration list for PBXNativeTarget "jdksMidiExample" */ = {
			isa = XCConfigurationList;
			buildConfigurations = (
				E4B69B600A3A1757003C02F2 /* Debug */,
				E4B69B610A3A1757003C02F2 /* Release */,
			);
			defaultConfigurationIsVisible = 0;
			defaultConfigurationName = Release;
		};
/* End XCConfigurationList section */
	};
	rootObject = E4B69B4C0A3A1720003C02F2 /* Project object */;
}
